// !$*UTF8*$!
{
	archiveVersion = 1;
	classes = {
	};
	objectVersion = 51;
	objects = {

/* Begin PBXBuildFile section */
		1C9F4A1393E09D3F88A2F139 /* Pods_NAUExoControl.framework in Frameworks */ = {isa = PBXBuildFile; fileRef = B6CD6B6EB1CAE7DCDA7F54AE /* Pods_NAUExoControl.framework */; };
		863042082465E67F00C3B723 /* AppDelegate.swift in Sources */ = {isa = PBXBuildFile; fileRef = 863042072465E67F00C3B723 /* AppDelegate.swift */; };
		8630420A2465E67F00C3B723 /* SceneDelegate.swift in Sources */ = {isa = PBXBuildFile; fileRef = 863042092465E67F00C3B723 /* SceneDelegate.swift */; };
		8630420C2465E67F00C3B723 /* ViewController.swift in Sources */ = {isa = PBXBuildFile; fileRef = 8630420B2465E67F00C3B723 /* ViewController.swift */; };
		8630420F2465E67F00C3B723 /* Main.storyboard in Resources */ = {isa = PBXBuildFile; fileRef = 8630420D2465E67F00C3B723 /* Main.storyboard */; };
		863042112465E68100C3B723 /* Assets.xcassets in Resources */ = {isa = PBXBuildFile; fileRef = 863042102465E68100C3B723 /* Assets.xcassets */; };
		863042142465E68100C3B723 /* LaunchScreen.storyboard in Resources */ = {isa = PBXBuildFile; fileRef = 863042122465E68100C3B723 /* LaunchScreen.storyboard */; };
		86A2F2BB247EDF0F00452242 /* BLEPeripheral.swift in Sources */ = {isa = PBXBuildFile; fileRef = 86A2F2BA247EDF0F00452242 /* BLEPeripheral.swift */; };
/* End PBXBuildFile section */

/* Begin PBXFileReference section */
		00E4706BDE369C4B30F8E079 /* Pods-NAUExoControl.debug.xcconfig */ = {isa = PBXFileReference; includeInIndex = 1; lastKnownFileType = text.xcconfig; name = "Pods-NAUExoControl.debug.xcconfig"; path = "Target Support Files/Pods-NAUExoControl/Pods-NAUExoControl.debug.xcconfig"; sourceTree = "<group>"; };
		863042042465E67F00C3B723 /* NAUExoControl.app */ = {isa = PBXFileReference; explicitFileType = wrapper.application; includeInIndex = 0; path = NAUExoControl.app; sourceTree = BUILT_PRODUCTS_DIR; };
		863042072465E67F00C3B723 /* AppDelegate.swift */ = {isa = PBXFileReference; lastKnownFileType = sourcecode.swift; path = AppDelegate.swift; sourceTree = "<group>"; };
		863042092465E67F00C3B723 /* SceneDelegate.swift */ = {isa = PBXFileReference; lastKnownFileType = sourcecode.swift; path = SceneDelegate.swift; sourceTree = "<group>"; };
		8630420B2465E67F00C3B723 /* ViewController.swift */ = {isa = PBXFileReference; lastKnownFileType = sourcecode.swift; path = ViewController.swift; sourceTree = "<group>"; };
		8630420E2465E67F00C3B723 /* Base */ = {isa = PBXFileReference; lastKnownFileType = file.storyboard; name = Base; path = Base.lproj/Main.storyboard; sourceTree = "<group>"; };
		863042102465E68100C3B723 /* Assets.xcassets */ = {isa = PBXFileReference; lastKnownFileType = folder.assetcatalog; path = Assets.xcassets; sourceTree = "<group>"; };
		863042132465E68100C3B723 /* Base */ = {isa = PBXFileReference; lastKnownFileType = file.storyboard; name = Base; path = Base.lproj/LaunchScreen.storyboard; sourceTree = "<group>"; };
		863042152465E68100C3B723 /* Info.plist */ = {isa = PBXFileReference; lastKnownFileType = text.plist.xml; path = Info.plist; sourceTree = "<group>"; };
		86A2F2BA247EDF0F00452242 /* BLEPeripheral.swift */ = {isa = PBXFileReference; lastKnownFileType = sourcecode.swift; path = BLEPeripheral.swift; sourceTree = "<group>"; };
		8F8EB354BA6849928B07B54E /* Pods-NAUExoControl.release.xcconfig */ = {isa = PBXFileReference; includeInIndex = 1; lastKnownFileType = text.xcconfig; name = "Pods-NAUExoControl.release.xcconfig"; path = "Target Support Files/Pods-NAUExoControl/Pods-NAUExoControl.release.xcconfig"; sourceTree = "<group>"; };
		B6CD6B6EB1CAE7DCDA7F54AE /* Pods_NAUExoControl.framework */ = {isa = PBXFileReference; explicitFileType = wrapper.framework; includeInIndex = 0; path = Pods_NAUExoControl.framework; sourceTree = BUILT_PRODUCTS_DIR; };
/* End PBXFileReference section */

/* Begin PBXFrameworksBuildPhase section */
		863042012465E67F00C3B723 /* Frameworks */ = {
			isa = PBXFrameworksBuildPhase;
			buildActionMask = 2147483647;
			files = (
				1C9F4A1393E09D3F88A2F139 /* Pods_NAUExoControl.framework in Frameworks */,
			);
			runOnlyForDeploymentPostprocessing = 0;
		};
/* End PBXFrameworksBuildPhase section */

/* Begin PBXGroup section */
		5FD9687907E5EB3563B99652 /* Pods */ = {
			isa = PBXGroup;
			children = (
				00E4706BDE369C4B30F8E079 /* Pods-NAUExoControl.debug.xcconfig */,
				8F8EB354BA6849928B07B54E /* Pods-NAUExoControl.release.xcconfig */,
			);
			path = Pods;
			sourceTree = "<group>";
		};
		7C4BCDBD2B39FA411E63A720 /* Frameworks */ = {
			isa = PBXGroup;
			children = (
				B6CD6B6EB1CAE7DCDA7F54AE /* Pods_NAUExoControl.framework */,
			);
			name = Frameworks;
			sourceTree = "<group>";
		};
		863041FB2465E67F00C3B723 = {
			isa = PBXGroup;
			children = (
				863042062465E67F00C3B723 /* NAUExoControl */,
				863042052465E67F00C3B723 /* Products */,
				5FD9687907E5EB3563B99652 /* Pods */,
				7C4BCDBD2B39FA411E63A720 /* Frameworks */,
			);
			sourceTree = "<group>";
		};
		863042052465E67F00C3B723 /* Products */ = {
			isa = PBXGroup;
			children = (
				863042042465E67F00C3B723 /* NAUExoControl.app */,
			);
			name = Products;
			sourceTree = "<group>";
		};
		863042062465E67F00C3B723 /* NAUExoControl */ = {
			isa = PBXGroup;
			children = (
				86A2F2BA247EDF0F00452242 /* BLEPeripheral.swift */,
				863042072465E67F00C3B723 /* AppDelegate.swift */,
				863042092465E67F00C3B723 /* SceneDelegate.swift */,
				8630420B2465E67F00C3B723 /* ViewController.swift */,
				8630420D2465E67F00C3B723 /* Main.storyboard */,
				863042102465E68100C3B723 /* Assets.xcassets */,
				863042122465E68100C3B723 /* LaunchScreen.storyboard */,
				863042152465E68100C3B723 /* Info.plist */,
			);
			path = NAUExoControl;
			sourceTree = "<group>";
		};
/* End PBXGroup section */

/* Begin PBXNativeTarget section */
		863042032465E67F00C3B723 /* NAUExoControl */ = {
			isa = PBXNativeTarget;
			buildConfigurationList = 863042182465E68100C3B723 /* Build configuration list for PBXNativeTarget "NAUExoControl" */;
			buildPhases = (
				72E15FD68F820256BDA12421 /* [CP] Check Pods Manifest.lock */,
				863042002465E67F00C3B723 /* Sources */,
				863042012465E67F00C3B723 /* Frameworks */,
				863042022465E67F00C3B723 /* Resources */,
				E4032B559A9F82117C6790B5 /* [CP] Embed Pods Frameworks */,
			);
			buildRules = (
			);
			dependencies = (
			);
			name = NAUExoControl;
			productName = NAUExoControl;
			productReference = 863042042465E67F00C3B723 /* NAUExoControl.app */;
			productType = "com.apple.product-type.application";
		};
/* End PBXNativeTarget section */

/* Begin PBXProject section */
		863041FC2465E67F00C3B723 /* Project object */ = {
			isa = PBXProject;
			attributes = {
				LastSwiftUpdateCheck = 1140;
				LastUpgradeCheck = 1140;
				ORGANIZATIONNAME = "Chancelor Frank Cuddeback";
				TargetAttributes = {
					863042032465E67F00C3B723 = {
						CreatedOnToolsVersion = 11.4;
					};
				};
			};
			buildConfigurationList = 863041FF2465E67F00C3B723 /* Build configuration list for PBXProject "NAUExoControl" */;
			compatibilityVersion = "Xcode 9.3";
			developmentRegion = en;
			hasScannedForEncodings = 0;
			knownRegions = (
				en,
				Base,
			);
			mainGroup = 863041FB2465E67F00C3B723;
			productRefGroup = 863042052465E67F00C3B723 /* Products */;
			projectDirPath = "";
			projectRoot = "";
			targets = (
				863042032465E67F00C3B723 /* NAUExoControl */,
			);
		};
/* End PBXProject section */

/* Begin PBXResourcesBuildPhase section */
		863042022465E67F00C3B723 /* Resources */ = {
			isa = PBXResourcesBuildPhase;
			buildActionMask = 2147483647;
			files = (
				863042142465E68100C3B723 /* LaunchScreen.storyboard in Resources */,
				863042112465E68100C3B723 /* Assets.xcassets in Resources */,
				8630420F2465E67F00C3B723 /* Main.storyboard in Resources */,
			);
			runOnlyForDeploymentPostprocessing = 0;
		};
/* End PBXResourcesBuildPhase section */

/* Begin PBXShellScriptBuildPhase section */
		72E15FD68F820256BDA12421 /* [CP] Check Pods Manifest.lock */ = {
			isa = PBXShellScriptBuildPhase;
			buildActionMask = 2147483647;
			files = (
			);
			inputFileListPaths = (
			);
			inputPaths = (
				"${PODS_PODFILE_DIR_PATH}/Podfile.lock",
				"${PODS_ROOT}/Manifest.lock",
			);
			name = "[CP] Check Pods Manifest.lock";
			outputFileListPaths = (
			);
			outputPaths = (
				"$(DERIVED_FILE_DIR)/Pods-NAUExoControl-checkManifestLockResult.txt",
			);
			runOnlyForDeploymentPostprocessing = 0;
			shellPath = /bin/sh;
			shellScript = "diff \"${PODS_PODFILE_DIR_PATH}/Podfile.lock\" \"${PODS_ROOT}/Manifest.lock\" > /dev/null\nif [ $? != 0 ] ; then\n    # print error to STDERR\n    echo \"error: The sandbox is not in sync with the Podfile.lock. Run 'pod install' or update your CocoaPods installation.\" >&2\n    exit 1\nfi\n# This output is used by Xcode 'outputs' to avoid re-running this script phase.\necho \"SUCCESS\" > \"${SCRIPT_OUTPUT_FILE_0}\"\n";
			showEnvVarsInLog = 0;
		};
		E4032B559A9F82117C6790B5 /* [CP] Embed Pods Frameworks */ = {
			isa = PBXShellScriptBuildPhase;
			buildActionMask = 2147483647;
			files = (
			);
			inputFileListPaths = (
				"${PODS_ROOT}/Target Support Files/Pods-NAUExoControl/Pods-NAUExoControl-frameworks-${CONFIGURATION}-input-files.xcfilelist",
			);
			name = "[CP] Embed Pods Frameworks";
			outputFileListPaths = (
				"${PODS_ROOT}/Target Support Files/Pods-NAUExoControl/Pods-NAUExoControl-frameworks-${CONFIGURATION}-output-files.xcfilelist",
			);
			runOnlyForDeploymentPostprocessing = 0;
			shellPath = /bin/sh;
			shellScript = "\"${PODS_ROOT}/Target Support Files/Pods-NAUExoControl/Pods-NAUExoControl-frameworks.sh\"\n";
			showEnvVarsInLog = 0;
		};
/* End PBXShellScriptBuildPhase section */

/* Begin PBXSourcesBuildPhase section */
		863042002465E67F00C3B723 /* Sources */ = {
			isa = PBXSourcesBuildPhase;
			buildActionMask = 2147483647;
			files = (
				8630420C2465E67F00C3B723 /* ViewController.swift in Sources */,
				86A2F2BB247EDF0F00452242 /* BLEPeripheral.swift in Sources */,
				863042082465E67F00C3B723 /* AppDelegate.swift in Sources */,
				8630420A2465E67F00C3B723 /* SceneDelegate.swift in Sources */,
			);
			runOnlyForDeploymentPostprocessing = 0;
		};
/* End PBXSourcesBuildPhase section */

/* Begin PBXVariantGroup section */
		8630420D2465E67F00C3B723 /* Main.storyboard */ = {
			isa = PBXVariantGroup;
			children = (
				8630420E2465E67F00C3B723 /* Base */,
			);
			name = Main.storyboard;
			sourceTree = "<group>";
		};
		863042122465E68100C3B723 /* LaunchScreen.storyboard */ = {
			isa = PBXVariantGroup;
			children = (
				863042132465E68100C3B723 /* Base */,
			);
			name = LaunchScreen.storyboard;
			sourceTree = "<group>";
		};
/* End PBXVariantGroup section */

/* Begin XCBuildConfiguration section */
		863042162465E68100C3B723 /* Debug */ = {
			isa = XCBuildConfiguration;
			buildSettings = {
				ALWAYS_SEARCH_USER_PATHS = NO;
				CLANG_ANALYZER_NONNULL = YES;
				CLANG_ANALYZER_NUMBER_OBJECT_CONVERSION = YES_AGGRESSIVE;
				CLANG_CXX_LANGUAGE_STANDARD = "gnu++14";
				CLANG_CXX_LIBRARY = "libc++";
				CLANG_ENABLE_MODULES = YES;
				CLANG_ENABLE_OBJC_ARC = YES;
				CLANG_ENABLE_OBJC_WEAK = YES;
				CLANG_WARN_BLOCK_CAPTURE_AUTORELEASING = YES;
				CLANG_WARN_BOOL_CONVERSION = YES;
				CLANG_WARN_COMMA = YES;
				CLANG_WARN_CONSTANT_CONVERSION = YES;
				CLANG_WARN_DEPRECATED_OBJC_IMPLEMENTATIONS = YES;
				CLANG_WARN_DIRECT_OBJC_ISA_USAGE = YES_ERROR;
				CLANG_WARN_DOCUMENTATION_COMMENTS = YES;
				CLANG_WARN_EMPTY_BODY = YES;
				CLANG_WARN_ENUM_CONVERSION = YES;
				CLANG_WARN_INFINITE_RECURSION = YES;
				CLANG_WARN_INT_CONVERSION = YES;
				CLANG_WARN_NON_LITERAL_NULL_CONVERSION = YES;
				CLANG_WARN_OBJC_IMPLICIT_RETAIN_SELF = YES;
				CLANG_WARN_OBJC_LITERAL_CONVERSION = YES;
				CLANG_WARN_OBJC_ROOT_CLASS = YES_ERROR;
				CLANG_WARN_RANGE_LOOP_ANALYSIS = YES;
				CLANG_WARN_STRICT_PROTOTYPES = YES;
				CLANG_WARN_SUSPICIOUS_MOVE = YES;
				CLANG_WARN_UNGUARDED_AVAILABILITY = YES_AGGRESSIVE;
				CLANG_WARN_UNREACHABLE_CODE = YES;
				CLANG_WARN__DUPLICATE_METHOD_MATCH = YES;
				COPY_PHASE_STRIP = NO;
				DEBUG_INFORMATION_FORMAT = dwarf;
				ENABLE_STRICT_OBJC_MSGSEND = YES;
				ENABLE_TESTABILITY = YES;
				GCC_C_LANGUAGE_STANDARD = gnu11;
				GCC_DYNAMIC_NO_PIC = NO;
				GCC_NO_COMMON_BLOCKS = YES;
				GCC_OPTIMIZATION_LEVEL = 0;
				GCC_PREPROCESSOR_DEFINITIONS = (
					"DEBUG=1",
					"$(inherited)",
				);
				GCC_WARN_64_TO_32_BIT_CONVERSION = YES;
				GCC_WARN_ABOUT_RETURN_TYPE = YES_ERROR;
				GCC_WARN_UNDECLARED_SELECTOR = YES;
				GCC_WARN_UNINITIALIZED_AUTOS = YES_AGGRESSIVE;
				GCC_WARN_UNUSED_FUNCTION = YES;
				GCC_WARN_UNUSED_VARIABLE = YES;
				IPHONEOS_DEPLOYMENT_TARGET = 13.4;
				MTL_ENABLE_DEBUG_INFO = INCLUDE_SOURCE;
				MTL_FAST_MATH = YES;
				ONLY_ACTIVE_ARCH = YES;
				SDKROOT = iphoneos;
				SWIFT_ACTIVE_COMPILATION_CONDITIONS = DEBUG;
				SWIFT_OPTIMIZATION_LEVEL = "-Onone";
			};
			name = Debug;
		};
		863042172465E68100C3B723 /* Release */ = {
			isa = XCBuildConfiguration;
			buildSettings = {
				ALWAYS_SEARCH_USER_PATHS = NO;
				CLANG_ANALYZER_NONNULL = YES;
				CLANG_ANALYZER_NUMBER_OBJECT_CONVERSION = YES_AGGRESSIVE;
				CLANG_CXX_LANGUAGE_STANDARD = "gnu++14";
				CLANG_CXX_LIBRARY = "libc++";
				CLANG_ENABLE_MODULES = YES;
				CLANG_ENABLE_OBJC_ARC = YES;
				CLANG_ENABLE_OBJC_WEAK = YES;
				CLANG_WARN_BLOCK_CAPTURE_AUTORELEASING = YES;
				CLANG_WARN_BOOL_CONVERSION = YES;
				CLANG_WARN_COMMA = YES;
				CLANG_WARN_CONSTANT_CONVERSION = YES;
				CLANG_WARN_DEPRECATED_OBJC_IMPLEMENTATIONS = YES;
				CLANG_WARN_DIRECT_OBJC_ISA_USAGE = YES_ERROR;
				CLANG_WARN_DOCUMENTATION_COMMENTS = YES;
				CLANG_WARN_EMPTY_BODY = YES;
				CLANG_WARN_ENUM_CONVERSION = YES;
				CLANG_WARN_INFINITE_RECURSION = YES;
				CLANG_WARN_INT_CONVERSION = YES;
				CLANG_WARN_NON_LITERAL_NULL_CONVERSION = YES;
				CLANG_WARN_OBJC_IMPLICIT_RETAIN_SELF = YES;
				CLANG_WARN_OBJC_LITERAL_CONVERSION = YES;
				CLANG_WARN_OBJC_ROOT_CLASS = YES_ERROR;
				CLANG_WARN_RANGE_LOOP_ANALYSIS = YES;
				CLANG_WARN_STRICT_PROTOTYPES = YES;
				CLANG_WARN_SUSPICIOUS_MOVE = YES;
				CLANG_WARN_UNGUARDED_AVAILABILITY = YES_AGGRESSIVE;
				CLANG_WARN_UNREACHABLE_CODE = YES;
				CLANG_WARN__DUPLICATE_METHOD_MATCH = YES;
				COPY_PHASE_STRIP = NO;
				DEBUG_INFORMATION_FORMAT = "dwarf-with-dsym";
				ENABLE_NS_ASSERTIONS = NO;
				ENABLE_STRICT_OBJC_MSGSEND = YES;
				GCC_C_LANGUAGE_STANDARD = gnu11;
				GCC_NO_COMMON_BLOCKS = YES;
				GCC_WARN_64_TO_32_BIT_CONVERSION = YES;
				GCC_WARN_ABOUT_RETURN_TYPE = YES_ERROR;
				GCC_WARN_UNDECLARED_SELECTOR = YES;
				GCC_WARN_UNINITIALIZED_AUTOS = YES_AGGRESSIVE;
				GCC_WARN_UNUSED_FUNCTION = YES;
				GCC_WARN_UNUSED_VARIABLE = YES;
				IPHONEOS_DEPLOYMENT_TARGET = 13.4;
				MTL_ENABLE_DEBUG_INFO = NO;
				MTL_FAST_MATH = YES;
				SDKROOT = iphoneos;
				SWIFT_COMPILATION_MODE = wholemodule;
				SWIFT_OPTIMIZATION_LEVEL = "-O";
				VALIDATE_PRODUCT = YES;
			};
			name = Release;
		};
		863042192465E68100C3B723 /* Debug */ = {
			isa = XCBuildConfiguration;
			baseConfigurationReference = 00E4706BDE369C4B30F8E079 /* Pods-NAUExoControl.debug.xcconfig */;
			buildSettings = {
				ASSETCATALOG_COMPILER_APPICON_NAME = AppIcon;
				CODE_SIGN_STYLE = Automatic;
				DEVELOPMENT_TEAM = 6838GPCJNA;
				INFOPLIST_FILE = NAUExoControl/Info.plist;
				IPHONEOS_DEPLOYMENT_TARGET = 13.5;
				LD_RUNPATH_SEARCH_PATHS = (
					"$(inherited)",
					"@executable_path/Frameworks",
				);
				PRODUCT_BUNDLE_IDENTIFIER = com.BioMech.NAUExoControl;
				PRODUCT_NAME = "$(TARGET_NAME)";
				SWIFT_VERSION = 5.0;
				TARGETED_DEVICE_FAMILY = "1,2";
			};
			name = Debug;
		};
		8630421A2465E68100C3B723 /* Release */ = {
			isa = XCBuildConfiguration;
			baseConfigurationReference = 8F8EB354BA6849928B07B54E /* Pods-NAUExoControl.release.xcconfig */;
			buildSettings = {
				ASSETCATALOG_COMPILER_APPICON_NAME = AppIcon;
				CODE_SIGN_STYLE = Automatic;
				DEVELOPMENT_TEAM = 6838GPCJNA;
				INFOPLIST_FILE = NAUExoControl/Info.plist;
				IPHONEOS_DEPLOYMENT_TARGET = 13.5;
				LD_RUNPATH_SEARCH_PATHS = (
					"$(inherited)",
					"@executable_path/Frameworks",
				);
				PRODUCT_BUNDLE_IDENTIFIER = com.BioMech.NAUExoControl;
				PRODUCT_NAME = "$(TARGET_NAME)";
				SWIFT_VERSION = 5.0;
				TARGETED_DEVICE_FAMILY = "1,2";
			};
			name = Release;
		};
/* End XCBuildConfiguration section */

/* Begin XCConfigurationList section */
		863041FF2465E67F00C3B723 /* Build configuration list for PBXProject "NAUExoControl" */ = {
			isa = XCConfigurationList;
			buildConfigurations = (
				863042162465E68100C3B723 /* Debug */,
				863042172465E68100C3B723 /* Release */,
			);
			defaultConfigurationIsVisible = 0;
			defaultConfigurationName = Release;
		};
		863042182465E68100C3B723 /* Build configuration list for PBXNativeTarget "NAUExoControl" */ = {
			isa = XCConfigurationList;
			buildConfigurations = (
				863042192465E68100C3B723 /* Debug */,
				8630421A2465E68100C3B723 /* Release */,
			);
			defaultConfigurationIsVisible = 0;
			defaultConfigurationName = Release;
		};
/* End XCConfigurationList section */
	};
	rootObject = 863041FC2465E67F00C3B723 /* Project object */;
}
